
Microsoft Visual Studio Solution File, Format Version 12.00
# Visual Studio 15
Project("{FAE04EC0-301F-11D3-BF4B-00C04F79EFBC}") = "Deliverable1", "Deliverable1\Deliverable1.csproj", "{F4763FE9-128F-455F-A649-3CC1311A3487}"
EndProject
Global
	GlobalSection(SolutionConfigurationPlatforms) = preSolution
		Debug|Any CPU = Debug|Any CPU
		Release|Any CPU = Release|Any CPU
	EndGlobalSection
	GlobalSection(ProjectConfigurationPlatforms) = postSolution
		{F4763FE9-128F-455F-A649-3CC1311A3487}.Debug|Any CPU.ActiveCfg = Debug|Any CPU
		{F4763FE9-128F-455F-A649-3CC1311A3487}.Debug|Any CPU.Build.0 = Debug|Any CPU
		{F4763FE9-128F-455F-A649-3CC1311A3487}.Release|Any CPU.ActiveCfg = Release|Any CPU
		{F4763FE9-128F-455F-A649-3CC1311A3487}.Release|Any CPU.Build.0 = Release|Any CPU
	EndGlobalSection
EndGlobal
